// !$*UTF8*$!
{
	archiveVersion = 1;
	classes = {
	};
	objectVersion = 77;
	objects = {

/* Begin PBXBuildFile section */
		DE2D74282FDFD99600B6D3CE /* SettingsView.swift in Sources */ = {isa = PBXBuildFile; fileRef = DE2D74272FDFD99100B6D3CE /* SettingsView.swift */; };
		DE2D742A2FDFDAD000B6D3CE /* GeneralTab.swift in Sources */ = {isa = PBXBuildFile; fileRef = DE2D74292FDFDACB00B6D3CE /* GeneralTab.swift */; };
		DE5B43512FD08F4C0059F34F /* QuitEngine.swift in Sources */ = {isa = PBXBuildFile; fileRef = DE5B43502FD08F430059F34F /* QuitEngine.swift */; };
		DE5B43562FD31FDD0059F34F /* RuleStore.swift in Sources */ = {isa = PBXBuildFile; fileRef = DE5B43542FD317860059F34F /* RuleStore.swift */; };
		DE5B43572FD31FF00059F34F /* GlobalSettings.swift in Sources */ = {isa = PBXBuildFile; fileRef = DE5B43552FD31A9D0059F34F /* GlobalSettings.swift */; };
		DE5B43582FD31FF40059F34F /* AppRule.swift in Sources */ = {isa = PBXBuildFile; fileRef = DE5B43532FD315DA0059F34F /* AppRule.swift */; };
		DEABF11E2FCAB241009A5C40 /* AccessibilityManager.swift in Sources */ = {isa = PBXBuildFile; fileRef = DEABF11D2FCAB235009A5C40 /* AccessibilityManager.swift */; };
		DEABF1222FCC0192009A5C40 /* AXWindowReader.swift in Sources */ = {isa = PBXBuildFile; fileRef = DEABF1212FCC0188009A5C40 /* AXWindowReader.swift */; };
		DEABF1242FCD5231009A5C40 /* CoreTests.swift in Sources */ = {isa = PBXBuildFile; fileRef = DEABF1232FCD522C009A5C40 /* CoreTests.swift */; };
		DEB830862FC8A19300F886C2 /* MenuBarView.swift in Sources */ = {isa = PBXBuildFile; fileRef = DEB830842FC890A300F886C2 /* MenuBarView.swift */; };
		DEB8308A2FC8ABDD00F886C2 /* AppEnvironment.swift in Sources */ = {isa = PBXBuildFile; fileRef = DEB830882FC8ABDD00F886C2 /* AppEnvironment.swift */; };
		DEB8308C2FC9D02800F886C2 /* AppTracker.swift in Sources */ = {isa = PBXBuildFile; fileRef = DEB8308B2FC9D02000F886C2 /* AppTracker.swift */; };
		DEC9109A2FE15C0B00D34F39 /* AppsTab.swift in Sources */ = {isa = PBXBuildFile; fileRef = DEC910992FE15C0400D34F39 /* AppsTab.swift */; };
		DED5B7082FCEBDCC00735E04 /* WindowMonitor.swift in Sources */ = {isa = PBXBuildFile; fileRef = DED5B7072FCEBDC200735E04 /* WindowMonitor.swift */; };
/* End PBXBuildFile section */

/* Begin PBXFileReference section */
		DE2D74262FDFD7EC00B6D3CE /* LoginItemService.swift */ = {isa = PBXFileReference; lastKnownFileType = sourcecode.swift; path = LoginItemService.swift; sourceTree = "<group>"; };
		DE2D74272FDFD99100B6D3CE /* SettingsView.swift */ = {isa = PBXFileReference; lastKnownFileType = sourcecode.swift; path = SettingsView.swift; sourceTree = "<group>"; };
		DE2D74292FDFDACB00B6D3CE /* GeneralTab.swift */ = {isa = PBXFileReference; lastKnownFileType = sourcecode.swift; path = GeneralTab.swift; sourceTree = "<group>"; };
		DE5B43502FD08F430059F34F /* QuitEngine.swift */ = {isa = PBXFileReference; lastKnownFileType = sourcecode.swift; path = QuitEngine.swift; sourceTree = "<group>"; };
		DE5B43532FD315DA0059F34F /* AppRule.swift */ = {isa = PBXFileReference; lastKnownFileType = sourcecode.swift; path = AppRule.swift; sourceTree = "<group>"; };
		DE5B43542FD317860059F34F /* RuleStore.swift */ = {isa = PBXFileReference; lastKnownFileType = sourcecode.swift; path = RuleStore.swift; sourceTree = "<group>"; };
		DE5B43552FD31A9D0059F34F /* GlobalSettings.swift */ = {isa = PBXFileReference; lastKnownFileType = sourcecode.swift; path = GlobalSettings.swift; sourceTree = "<group>"; };
		DEABF11D2FCAB235009A5C40 /* AccessibilityManager.swift */ = {isa = PBXFileReference; lastKnownFileType = sourcecode.swift; path = AccessibilityManager.swift; sourceTree = "<group>"; };
		DEABF1212FCC0188009A5C40 /* AXWindowReader.swift */ = {isa = PBXFileReference; lastKnownFileType = sourcecode.swift; path = AXWindowReader.swift; sourceTree = "<group>"; };
		DEABF1232FCD522C009A5C40 /* CoreTests.swift */ = {isa = PBXFileReference; lastKnownFileType = sourcecode.swift; path = CoreTests.swift; sourceTree = "<group>"; };
		DEB8306C2FC5774100F886C2 /* Nix.app */ = {isa = PBXFileReference; explicitFileType = wrapper.application; includeInIndex = 0; path = Nix.app; sourceTree = BUILT_PRODUCTS_DIR; };
		DEB830842FC890A300F886C2 /* MenuBarView.swift */ = {isa = PBXFileReference; lastKnownFileType = sourcecode.swift; path = MenuBarView.swift; sourceTree = "<group>"; };
		DEB830882FC8ABDD00F886C2 /* AppEnvironment.swift */ = {isa = PBXFileReference; lastKnownFileType = sourcecode.swift; path = AppEnvironment.swift; sourceTree = "<group>"; };
		DEB8308B2FC9D02000F886C2 /* AppTracker.swift */ = {isa = PBXFileReference; lastKnownFileType = sourcecode.swift; path = AppTracker.swift; sourceTree = "<group>"; };
		DEC910992FE15C0400D34F39 /* AppsTab.swift */ = {isa = PBXFileReference; lastKnownFileType = sourcecode.swift; path = AppsTab.swift; sourceTree = "<group>"; };
		DED5B7072FCEBDC200735E04 /* WindowMonitor.swift */ = {isa = PBXFileReference; lastKnownFileType = sourcecode.swift; path = WindowMonitor.swift; sourceTree = "<group>"; };
/* End PBXFileReference section */

/* Begin PBXFileSystemSynchronizedRootGroup section */
		DEB8306E2FC5774100F886C2 /* App */ = {
			isa = PBXFileSystemSynchronizedRootGroup;
			path = App;
			sourceTree = "<group>";
		};
/* End PBXFileSystemSynchronizedRootGroup section */

/* Begin PBXFrameworksBuildPhase section */
		DEB830692FC5774100F886C2 /* Frameworks */ = {
			isa = PBXFrameworksBuildPhase;
			buildActionMask = 2147483647;
			files = (
			);
			runOnlyForDeploymentPostprocessing = 0;
		};
/* End PBXFrameworksBuildPhase section */

/* Begin PBXGroup section */
		DE2D74252FDFD7C800B6D3CE /* Services */ = {
			isa = PBXGroup;
			children = (
				DE2D74262FDFD7EC00B6D3CE /* LoginItemService.swift */,
			);
			path = Services;
			sourceTree = "<group>";
		};
		DE5B43522FD315C30059F34F /* RuleEngine */ = {
			isa = PBXGroup;
			children = (
				DE5B43552FD31A9D0059F34F /* GlobalSettings.swift */,
				DE5B43542FD317860059F34F /* RuleStore.swift */,
				DE5B43532FD315DA0059F34F /* AppRule.swift */,
			);
			path = RuleEngine;
			sourceTree = "<group>";
		};
		DEB830632FC5774100F886C2 = {
			isa = PBXGroup;
			children = (
				DEB8306E2FC5774100F886C2 /* App */,
				DEB830892FC8ABDD00F886C2 /* Core */,
				DE5B43522FD315C30059F34F /* RuleEngine */,
				DEB830822FC88F2100F886C2 /* UI */,
				DE2D74252FDFD7C800B6D3CE /* Services */,
				DEB8306D2FC5774100F886C2 /* Products */,
			);
			sourceTree = "<group>";
		};
		DEB8306D2FC5774100F886C2 /* Products */ = {
			isa = PBXGroup;
			children = (
				DEB8306C2FC5774100F886C2 /* Nix.app */,
			);
			name = Products;
			sourceTree = "<group>";
		};
		DEB830822FC88F2100F886C2 /* UI */ = {
			isa = PBXGroup;
			children = (
				DEC910992FE15C0400D34F39 /* AppsTab.swift */,
				DE2D74292FDFDACB00B6D3CE /* GeneralTab.swift */,
				DE2D74272FDFD99100B6D3CE /* SettingsView.swift */,
				DEB830842FC890A300F886C2 /* MenuBarView.swift */,
			);
			path = UI;
			sourceTree = "<group>";
		};
		DEB830892FC8ABDD00F886C2 /* Core */ = {
			isa = PBXGroup;
			children = (
				DE5B43502FD08F430059F34F /* QuitEngine.swift */,
				DED5B7072FCEBDC200735E04 /* WindowMonitor.swift */,
				DEABF1232FCD522C009A5C40 /* CoreTests.swift */,
				DEABF1212FCC0188009A5C40 /* AXWindowReader.swift */,
				DEABF11D2FCAB235009A5C40 /* AccessibilityManager.swift */,
				DEB8308B2FC9D02000F886C2 /* AppTracker.swift */,
				DEB830882FC8ABDD00F886C2 /* AppEnvironment.swift */,
			);
			path = Core;
			sourceTree = "<group>";
		};
/* End PBXGroup section */

/* Begin PBXNativeTarget section */
		DEB8306B2FC5774100F886C2 /* Nix */ = {
			isa = PBXNativeTarget;
			buildConfigurationList = DEB830772FC5774200F886C2 /* Build configuration list for PBXNativeTarget "Nix" */;
			buildPhases = (
				DEB830682FC5774100F886C2 /* Sources */,
				DEB830692FC5774100F886C2 /* Frameworks */,
				DEB8306A2FC5774100F886C2 /* Resources */,
			);
			buildRules = (
			);
			dependencies = (
			);
			fileSystemSynchronizedGroups = (
				DEB8306E2FC5774100F886C2 /* App */,
			);
			name = Nix;
			packageProductDependencies = (
			);
			productName = Nix;
			productReference = DEB8306C2FC5774100F886C2 /* Nix.app */;
			productType = "com.apple.product-type.application";
		};
/* End PBXNativeTarget section */

/* Begin PBXProject section */
		DEB830642FC5774100F886C2 /* Project object */ = {
			isa = PBXProject;
			attributes = {
				BuildIndependentTargetsInParallel = 1;
				LastSwiftUpdateCheck = 2650;
				LastUpgradeCheck = 2650;
				TargetAttributes = {
					DEB8306B2FC5774100F886C2 = {
						CreatedOnToolsVersion = 26.5;
					};
				};
			};
			buildConfigurationList = DEB830672FC5774100F886C2 /* Build configuration list for PBXProject "Nix" */;
			developmentRegion = en;
			hasScannedForEncodings = 0;
			knownRegions = (
				en,
				Base,
			);
			mainGroup = DEB830632FC5774100F886C2;
			minimizedProjectReferenceProxies = 1;
			preferredProjectObjectVersion = 77;
			productRefGroup = DEB8306D2FC5774100F886C2 /* Products */;
			projectDirPath = "";
			projectRoot = "";
			targets = (
				DEB8306B2FC5774100F886C2 /* Nix */,
			);
		};
/* End PBXProject section */

/* Begin PBXResourcesBuildPhase section */
		DEB8306A2FC5774100F886C2 /* Resources */ = {
			isa = PBXResourcesBuildPhase;
			buildActionMask = 2147483647;
			files = (
			);
			runOnlyForDeploymentPostprocessing = 0;
		};
/* End PBXResourcesBuildPhase section */

/* Begin PBXSourcesBuildPhase section */
		DEB830682FC5774100F886C2 /* Sources */ = {
			isa = PBXSourcesBuildPhase;
			buildActionMask = 2147483647;
			files = (
				DEB8308A2FC8ABDD00F886C2 /* AppEnvironment.swift in Sources */,
				DE5B43582FD31FF40059F34F /* AppRule.swift in Sources */,
				DEB830862FC8A19300F886C2 /* MenuBarView.swift in Sources */,
				DEC9109A2FE15C0B00D34F39 /* AppsTab.swift in Sources */,
				DEB8308C2FC9D02800F886C2 /* AppTracker.swift in Sources */,
				DEABF1222FCC0192009A5C40 /* AXWindowReader.swift in Sources */,
				DE5B43512FD08F4C0059F34F /* QuitEngine.swift in Sources */,
				DE5B43572FD31FF00059F34F /* GlobalSettings.swift in Sources */,
				DE2D74282FDFD99600B6D3CE /* SettingsView.swift in Sources */,
				DE2D742A2FDFDAD000B6D3CE /* GeneralTab.swift in Sources */,
				DED5B7082FCEBDCC00735E04 /* WindowMonitor.swift in Sources */,
				DEABF11E2FCAB241009A5C40 /* AccessibilityManager.swift in Sources */,
				DEABF1242FCD5231009A5C40 /* CoreTests.swift in Sources */,
				DE5B43562FD31FDD0059F34F /* RuleStore.swift in Sources */,
			);
			runOnlyForDeploymentPostprocessing = 0;
		};
/* End PBXSourcesBuildPhase section */

/* Begin XCBuildConfiguration section */
		DEB830752FC5774200F886C2 /* Debug */ = {
			isa = XCBuildConfiguration;
			buildSettings = {
				ALWAYS_SEARCH_USER_PATHS = NO;
				ASSETCATALOG_COMPILER_GENERATE_SWIFT_ASSET_SYMBOL_EXTENSIONS = YES;
				CLANG_ANALYZER_NONNULL = YES;
				CLANG_ANALYZER_NUMBER_OBJECT_CONVERSION = YES_AGGRESSIVE;
				CLANG_CXX_LANGUAGE_STANDARD = "gnu++20";
				CLANG_ENABLE_MODULES = YES;
				CLANG_ENABLE_OBJC_ARC = YES;
				CLANG_ENABLE_OBJC_WEAK = YES;
				CLANG_WARN_BLOCK_CAPTURE_AUTORELEASING = YES;
				CLANG_WARN_BOOL_CONVERSION = YES;
				CLANG_WARN_COMMA = YES;
				CLANG_WARN_CONSTANT_CONVERSION = YES;
				CLANG_WARN_DEPRECATED_OBJC_IMPLEMENTATIONS = YES;
				CLANG_WARN_DIRECT_OBJC_ISA_USAGE = YES_ERROR;
				CLANG_WARN_DOCUMENTATION_COMMENTS = YES;
				CLANG_WARN_EMPTY_BODY = YES;
				CLANG_WARN_ENUM_CONVERSION = YES;
				CLANG_WARN_INFINITE_RECURSION = YES;
				CLANG_WARN_INT_CONVERSION = YES;
				CLANG_WARN_NON_LITERAL_NULL_CONVERSION = YES;
				CLANG_WARN_OBJC_IMPLICIT_RETAIN_SELF = YES;
				CLANG_WARN_OBJC_LITERAL_CONVERSION = YES;
				CLANG_WARN_OBJC_ROOT_CLASS = YES_ERROR;
				CLANG_WARN_QUOTED_INCLUDE_IN_FRAMEWORK_HEADER = YES;
				CLANG_WARN_RANGE_LOOP_ANALYSIS = YES;
				CLANG_WARN_STRICT_PROTOTYPES = YES;
				CLANG_WARN_SUSPICIOUS_MOVE = YES;
				CLANG_WARN_UNGUARDED_AVAILABILITY = YES_AGGRESSIVE;
				CLANG_WARN_UNREACHABLE_CODE = YES;
				CLANG_WARN__DUPLICATE_METHOD_MATCH = YES;
				COPY_PHASE_STRIP = NO;
				DEBUG_INFORMATION_FORMAT = dwarf;
				DEVELOPMENT_TEAM = X7MF3C43X6;
				ENABLE_STRICT_OBJC_MSGSEND = YES;
				ENABLE_TESTABILITY = YES;
				ENABLE_USER_SCRIPT_SANDBOXING = YES;
				GCC_C_LANGUAGE_STANDARD = gnu17;
				GCC_DYNAMIC_NO_PIC = NO;
				GCC_NO_COMMON_BLOCKS = YES;
				GCC_OPTIMIZATION_LEVEL = 0;
				GCC_PREPROCESSOR_DEFINITIONS = (
					"DEBUG=1",
					"$(inherited)",
				);
				GCC_WARN_64_TO_32_BIT_CONVERSION = YES;
				GCC_WARN_ABOUT_RETURN_TYPE = YES_ERROR;
				GCC_WARN_UNDECLARED_SELECTOR = YES;
				GCC_WARN_UNINITIALIZED_AUTOS = YES_AGGRESSIVE;
				GCC_WARN_UNUSED_FUNCTION = YES;
				GCC_WARN_UNUSED_VARIABLE = YES;
				LOCALIZATION_PREFERS_STRING_CATALOGS = YES;
				MACOSX_DEPLOYMENT_TARGET = 26.5;
				MTL_ENABLE_DEBUG_INFO = INCLUDE_SOURCE;
				MTL_FAST_MATH = YES;
				ONLY_ACTIVE_ARCH = YES;
				SDKROOT = macosx;
				SWIFT_ACTIVE_COMPILATION_CONDITIONS = "DEBUG $(inherited)";
				SWIFT_OPTIMIZATION_LEVEL = "-Onone";
			};
			name = Debug;
		};
		DEB830762FC5774200F886C2 /* Release */ = {
			isa = XCBuildConfiguration;
			buildSettings = {
				ALWAYS_SEARCH_USER_PATHS = NO;
				ASSETCATALOG_COMPILER_GENERATE_SWIFT_ASSET_SYMBOL_EXTENSIONS = YES;
				CLANG_ANALYZER_NONNULL = YES;
				CLANG_ANALYZER_NUMBER_OBJECT_CONVERSION = YES_AGGRESSIVE;
				CLANG_CXX_LANGUAGE_STANDARD = "gnu++20";
				CLANG_ENABLE_MODULES = YES;
				CLANG_ENABLE_OBJC_ARC = YES;
				CLANG_ENABLE_OBJC_WEAK = YES;
				CLANG_WARN_BLOCK_CAPTURE_AUTORELEASING = YES;
				CLANG_WARN_BOOL_CONVERSION = YES;
				CLANG_WARN_COMMA = YES;
				CLANG_WARN_CONSTANT_CONVERSION = YES;
				CLANG_WARN_DEPRECATED_OBJC_IMPLEMENTATIONS = YES;
				CLANG_WARN_DIRECT_OBJC_ISA_USAGE = YES_ERROR;
				CLANG_WARN_DOCUMENTATION_COMMENTS = YES;
				CLANG_WARN_EMPTY_BODY = YES;
				CLANG_WARN_ENUM_CONVERSION = YES;
				CLANG_WARN_INFINITE_RECURSION = YES;
				CLANG_WARN_INT_CONVERSION = YES;
				CLANG_WARN_NON_LITERAL_NULL_CONVERSION = YES;
				CLANG_WARN_OBJC_IMPLICIT_RETAIN_SELF = YES;
				CLANG_WARN_OBJC_LITERAL_CONVERSION = YES;
				CLANG_WARN_OBJC_ROOT_CLASS = YES_ERROR;
				CLANG_WARN_QUOTED_INCLUDE_IN_FRAMEWORK_HEADER = YES;
				CLANG_WARN_RANGE_LOOP_ANALYSIS = YES;
				CLANG_WARN_STRICT_PROTOTYPES = YES;
				CLANG_WARN_SUSPICIOUS_MOVE = YES;
				CLANG_WARN_UNGUARDED_AVAILABILITY = YES_AGGRESSIVE;
				CLANG_WARN_UNREACHABLE_CODE = YES;
				CLANG_WARN__DUPLICATE_METHOD_MATCH = YES;
				COPY_PHASE_STRIP = NO;
				DEBUG_INFORMATION_FORMAT = "dwarf-with-dsym";
				DEVELOPMENT_TEAM = X7MF3C43X6;
				ENABLE_NS_ASSERTIONS = NO;
				ENABLE_STRICT_OBJC_MSGSEND = YES;
				ENABLE_USER_SCRIPT_SANDBOXING = YES;
				GCC_C_LANGUAGE_STANDARD = gnu17;
				GCC_NO_COMMON_BLOCKS = YES;
				GCC_WARN_64_TO_32_BIT_CONVERSION = YES;
				GCC_WARN_ABOUT_RETURN_TYPE = YES_ERROR;
				GCC_WARN_UNDECLARED_SELECTOR = YES;
				GCC_WARN_UNINITIALIZED_AUTOS = YES_AGGRESSIVE;
				GCC_WARN_UNUSED_FUNCTION = YES;
				GCC_WARN_UNUSED_VARIABLE = YES;
				LOCALIZATION_PREFERS_STRING_CATALOGS = YES;
				MACOSX_DEPLOYMENT_TARGET = 26.5;
				MTL_ENABLE_DEBUG_INFO = NO;
				MTL_FAST_MATH = YES;
				SDKROOT = macosx;
				SWIFT_COMPILATION_MODE = wholemodule;
			};
			name = Release;
		};
		DEB830782FC5774200F886C2 /* Debug */ = {
			isa = XCBuildConfiguration;
			buildSettings = {
				ASSETCATALOG_COMPILER_APPICON_NAME = AppIcon;
				ASSETCATALOG_COMPILER_GLOBAL_ACCENT_COLOR_NAME = AccentColor;
				CODE_SIGN_STYLE = Automatic;
				COMBINE_HIDPI_IMAGES = YES;
				CURRENT_PROJECT_VERSION = 1;
				DEVELOPMENT_TEAM = X7MF3C43X6;
				ENABLE_APP_SANDBOX = NO;
				ENABLE_HARDENED_RUNTIME = YES;
				ENABLE_PREVIEWS = YES;
				GENERATE_INFOPLIST_FILE = YES;
				INFOPLIST_KEY_NSHumanReadableCopyright = "";
				LD_RUNPATH_SEARCH_PATHS = (
					"$(inherited)",
					"@executable_path/../Frameworks",
				);
				MACOSX_DEPLOYMENT_TARGET = 14.6;
				MARKETING_VERSION = 1.0;
				PRODUCT_BUNDLE_IDENTIFIER = com.sahan.Nix;
				PRODUCT_NAME = "$(TARGET_NAME)";
				REGISTER_APP_GROUPS = YES;
				STRING_CATALOG_GENERATE_SYMBOLS = YES;
				SWIFT_APPROACHABLE_CONCURRENCY = YES;
				SWIFT_DEFAULT_ACTOR_ISOLATION = MainActor;
				SWIFT_EMIT_LOC_STRINGS = YES;
				SWIFT_UPCOMING_FEATURE_MEMBER_IMPORT_VISIBILITY = YES;
				SWIFT_VERSION = 5.0;
			};
			name = Debug;
		};
		DEB830792FC5774200F886C2 /* Release */ = {
			isa = XCBuildConfiguration;
			buildSettings = {
				ASSETCATALOG_COMPILER_APPICON_NAME = AppIcon;
				ASSETCATALOG_COMPILER_GLOBAL_ACCENT_COLOR_NAME = AccentColor;
				CODE_SIGN_STYLE = Automatic;
				COMBINE_HIDPI_IMAGES = YES;
				CURRENT_PROJECT_VERSION = 1;
				DEVELOPMENT_TEAM = X7MF3C43X6;
				ENABLE_APP_SANDBOX = NO;
				ENABLE_HARDENED_RUNTIME = YES;
				ENABLE_PREVIEWS = YES;
				GENERATE_INFOPLIST_FILE = YES;
				INFOPLIST_KEY_NSHumanReadableCopyright = "";
				LD_RUNPATH_SEARCH_PATHS = (
					"$(inherited)",
					"@executable_path/../Frameworks",
				);
				MACOSX_DEPLOYMENT_TARGET = 14.6;
				MARKETING_VERSION = 1.0;
				PRODUCT_BUNDLE_IDENTIFIER = com.sahan.Nix;
				PRODUCT_NAME = "$(TARGET_NAME)";
				REGISTER_APP_GROUPS = YES;
				STRING_CATALOG_GENERATE_SYMBOLS = YES;
				SWIFT_APPROACHABLE_CONCURRENCY = YES;
				SWIFT_DEFAULT_ACTOR_ISOLATION = MainActor;
				SWIFT_EMIT_LOC_STRINGS = YES;
				SWIFT_UPCOMING_FEATURE_MEMBER_IMPORT_VISIBILITY = YES;
				SWIFT_VERSION = 5.0;
			};
			name = Release;
		};
/* End XCBuildConfiguration section */

/* Begin XCConfigurationList section */
		DEB830672FC5774100F886C2 /* Build configuration list for PBXProject "Nix" */ = {
			isa = XCConfigurationList;
			buildConfigurations = (
				DEB830752FC5774200F886C2 /* Debug */,
				DEB830762FC5774200F886C2 /* Release */,
			);
			defaultConfigurationIsVisible = 0;
			defaultConfigurationName = Release;
		};
		DEB830772FC5774200F886C2 /* Build configuration list for PBXNativeTarget "Nix" */ = {
			isa = XCConfigurationList;
			buildConfigurations = (
				DEB830782FC5774200F886C2 /* Debug */,
				DEB830792FC5774200F886C2 /* Release */,
			);
			defaultConfigurationIsVisible = 0;
			defaultConfigurationName = Release;
		};
/* End XCConfigurationList section */
	};
	rootObject = DEB830642FC5774100F886C2 /* Project object */;
}
